Microsoft Visual Studio Solution File, Format Version 12.00
# Visual Studio 15
VisualStudioVersion = 15.0.26430.14
MinimumVisualStudioVersion = 10.0.40219.1
Project("{FAE04EC0-301F-11D3-BF4B-00C04F79EFBC}") = "SwaggerPetstoreOpenAPI30.Standard", "SwaggerPetstoreOpenAPI30.Standard/SwaggerPetstoreOpenAPI30.Standard.csproj", "{3d04bd75-2efc-4f96-9103-4d8ebb409ed2}"
EndProject
Project("{FAE04EC0-301F-11D3-BF4B-00C04F79EFBC}") = "SwaggerPetstoreOpenAPI30.Tests", "SwaggerPetstoreOpenAPI30.Tests/SwaggerPetstoreOpenAPI30.Tests.csproj", "{cda7c094-22e7-4402-a8a3-7305a58e50cc}"
EndProject
Global
    GlobalSection(SolutionConfigurationPlatforms) = preSolution
        Debug|Any CPU = Debug|Any CPU
        Release|Any CPU = Release|Any CPU
    EndGlobalSection
    GlobalSection(ProjectConfigurationPlatforms) = postSolution
        {3d04bd75-2efc-4f96-9103-4d8ebb409ed2}.Debug|Any CPU.ActiveCfg = Debug|Any CPU
        {3d04bd75-2efc-4f96-9103-4d8ebb409ed2}.Debug|Any CPU.Build.0 = Debug|Any CPU
        {3d04bd75-2efc-4f96-9103-4d8ebb409ed2}.Release|Any CPU.ActiveCfg = Release|Any CPU
        {3d04bd75-2efc-4f96-9103-4d8ebb409ed2}.Release|Any CPU.Build.0 = Release|Any CPU
        {cda7c094-22e7-4402-a8a3-7305a58e50cc}.Debug|Any CPU.ActiveCfg = Debug|Any CPU
        {cda7c094-22e7-4402-a8a3-7305a58e50cc}.Debug|Any CPU.Build.0 = Debug|Any CPU
        {cda7c094-22e7-4402-a8a3-7305a58e50cc}.Release|Any CPU.ActiveCfg = Release|Any CPU
        {cda7c094-22e7-4402-a8a3-7305a58e50cc}.Release|Any CPU.Build.0 = Release|Any CPU
    EndGlobalSection
    GlobalSection(SolutionProperties) = preSolution
        HideSolutionNode = FALSE
    EndGlobalSection
EndGlobal
